
Microsoft Visual Studio Solution File, Format Version 12.00
# Visual Studio Version 16
VisualStudioVersion = 16.0.29326.143
MinimumVisualStudioVersion = 10.0.40219.1
Project("{8BC9CEB8-8B4A-11D0-8D11-00A0C91BC942}") = "olimpiada_aikstele_2018", "olimpiada_aikstele_2018.vcxproj", "{48CBF614-80EC-4F6D-9360-5933E5396062}"
EndProject
Global
	GlobalSection(SolutionConfigurationPlatforms) = preSolution
		Debug|x64 = Debug|x64
		Debug|x86 = Debug|x86
		Release|x64 = Release|x64
		Release|x86 = Release|x86
	EndGlobalSection
	GlobalSection(ProjectConfigurationPlatforms) = postSolution
		{48CBF614-80EC-4F6D-9360-5933E5396062}.Debug|x64.ActiveCfg = Debug|x64
		{48CBF614-80EC-4F6D-9360-5933E5396062}.Debug|x64.Build.0 = Debug|x64
		{48CBF614-80EC-4F6D-9360-5933E5396062}.Debug|x86.ActiveCfg = Debug|Win32
		{48CBF614-80EC-4F6D-9360-5933E5396062}.Debug|x86.Build.0 = Debug|Win32
		{48CBF614-80EC-4F6D-9360-5933E5396062}.Release|x64.ActiveCfg = Release|x64
		{48CBF614-80EC-4F6D-9360-5933E5396062}.Release|x64.Build.0 = Release|x64
		{48CBF614-80EC-4F6D-9360-5933E5396062}.Release|x86.ActiveCfg = Release|Win32
		{48CBF614-80EC-4F6D-9360-5933E5396062}.Release|x86.Build.0 = Release|Win32
	EndGlobalSection
	GlobalSection(SolutionProperties) = preSolution
		HideSolutionNode = FALSE
	EndGlobalSection
	GlobalSection(ExtensibilityGlobals) = postSolution
		SolutionGuid = {9B6FA336-375F-4E40-9CFE-8084A1565722}
	EndGlobalSection
EndGlobal
